
Microsoft Visual Studio Solution File, Format Version 12.00
# Visual Studio Version 16
VisualStudioVersion = 16.0.30204.135
MinimumVisualStudioVersion = 10.0.40219.1
Project("{FAE04EC0-301F-11D3-BF4B-00C04F79EFBC}") = "ConsoleApp1", "ConsoleApp1\ConsoleApp1.csproj", "{DB86862F-ED30-4F0B-BA26-B803B99BB548}"
EndProject
Project("{FAE04EC0-301F-11D3-BF4B-00C04F79EFBC}") = "ReactiveStock", "ReactiveStock\ReactiveStock.csproj", "{EFE9D96B-9B2F-473F-A093-EED03471511D}"
EndProject
Global
	GlobalSection(SolutionConfigurationPlatforms) = preSolution
		Debug|Any CPU = Debug|Any CPU
		Release|Any CPU = Release|Any CPU
	EndGlobalSection
	GlobalSection(ProjectConfigurationPlatforms) = postSolution
		{DB86862F-ED30-4F0B-BA26-B803B99BB548}.Debug|Any CPU.ActiveCfg = Debug|Any CPU
		{DB86862F-ED30-4F0B-BA26-B803B99BB548}.Debug|Any CPU.Build.0 = Debug|Any CPU
		{DB86862F-ED30-4F0B-BA26-B803B99BB548}.Release|Any CPU.ActiveCfg = Release|Any CPU
		{DB86862F-ED30-4F0B-BA26-B803B99BB548}.Release|Any CPU.Build.0 = Release|Any CPU
		{EFE9D96B-9B2F-473F-A093-EED03471511D}.Debug|Any CPU.ActiveCfg = Debug|Any CPU
		{EFE9D96B-9B2F-473F-A093-EED03471511D}.Debug|Any CPU.Build.0 = Debug|Any CPU
		{EFE9D96B-9B2F-473F-A093-EED03471511D}.Release|Any CPU.ActiveCfg = Release|Any CPU
		{EFE9D96B-9B2F-473F-A093-EED03471511D}.Release|Any CPU.Build.0 = Release|Any CPU
	EndGlobalSection
	GlobalSection(SolutionProperties) = preSolution
		HideSolutionNode = FALSE
	EndGlobalSection
	GlobalSection(ExtensibilityGlobals) = postSolution
		SolutionGuid = {FB59C5FC-1FC8-4235-99C9-D29CCF8732D8}
	EndGlobalSection
EndGlobal
