
Microsoft Visual Studio Solution File, Format Version 12.00
# Visual Studio Version 16
VisualStudioVersion = 16.0.30204.135
MinimumVisualStudioVersion = 10.0.40219.1
Project("{9A19103F-16F7-4668-BE54-9A1E7A4F7556}") = "ConsoleApp1", "ConsoleApp1\ConsoleApp1.csproj", "{DB86862F-ED30-4F0B-BA26-B803B99BB548}"
EndProject
Project("{FAE04EC0-301F-11D3-BF4B-00C04F79EFBC}") = "ConsoleApp2", "ConsoleApp2\ConsoleApp2.csproj", "{06126657-68BF-4890-A97E-30BEC40649FB}"
EndProject
Project("{FAE04EC0-301F-11D3-BF4B-00C04F79EFBC}") = "Lesson1_1_ActorsAndActorSystem", "Lesson1_1_ActorsAndActorSystem\Lesson1_1_ActorsAndActorSystem.csproj", "{3C30D600-3871-41BD-AF8B-92C479A09FEC}"
EndProject
Project("{2150E333-8FDC-42A3-9474-1A3956D46DE8}") = "AkkaBootcamp", "AkkaBootcamp", "{C2FFD6BB-75B0-422C-B6B8-63B4B38FE987}"
EndProject
Project("{FAE04EC0-301F-11D3-BF4B-00C04F79EFBC}") = "Lesson1_2_DefiningAndHandingMessages", "Lesson1_2_DefiningAndHandingMessages\Lesson1_2_DefiningAndHandingMessages.csproj", "{B651DF45-EF59-4FDA-9AD1-6710CE9079E5}"
EndProject
Global
	GlobalSection(SolutionConfigurationPlatforms) = preSolution
		Debug|Any CPU = Debug|Any CPU
		Release|Any CPU = Release|Any CPU
	EndGlobalSection
	GlobalSection(ProjectConfigurationPlatforms) = postSolution
		{DB86862F-ED30-4F0B-BA26-B803B99BB548}.Debug|Any CPU.ActiveCfg = Debug|Any CPU
		{DB86862F-ED30-4F0B-BA26-B803B99BB548}.Debug|Any CPU.Build.0 = Debug|Any CPU
		{DB86862F-ED30-4F0B-BA26-B803B99BB548}.Release|Any CPU.ActiveCfg = Release|Any CPU
		{DB86862F-ED30-4F0B-BA26-B803B99BB548}.Release|Any CPU.Build.0 = Release|Any CPU
		{06126657-68BF-4890-A97E-30BEC40649FB}.Debug|Any CPU.ActiveCfg = Debug|Any CPU
		{06126657-68BF-4890-A97E-30BEC40649FB}.Debug|Any CPU.Build.0 = Debug|Any CPU
		{06126657-68BF-4890-A97E-30BEC40649FB}.Release|Any CPU.ActiveCfg = Release|Any CPU
		{06126657-68BF-4890-A97E-30BEC40649FB}.Release|Any CPU.Build.0 = Release|Any CPU
		{3C30D600-3871-41BD-AF8B-92C479A09FEC}.Debug|Any CPU.ActiveCfg = Debug|Any CPU
		{3C30D600-3871-41BD-AF8B-92C479A09FEC}.Debug|Any CPU.Build.0 = Debug|Any CPU
		{3C30D600-3871-41BD-AF8B-92C479A09FEC}.Release|Any CPU.ActiveCfg = Release|Any CPU
		{3C30D600-3871-41BD-AF8B-92C479A09FEC}.Release|Any CPU.Build.0 = Release|Any CPU
		{B651DF45-EF59-4FDA-9AD1-6710CE9079E5}.Debug|Any CPU.ActiveCfg = Debug|Any CPU
		{B651DF45-EF59-4FDA-9AD1-6710CE9079E5}.Debug|Any CPU.Build.0 = Debug|Any CPU
		{B651DF45-EF59-4FDA-9AD1-6710CE9079E5}.Release|Any CPU.ActiveCfg = Release|Any CPU
		{B651DF45-EF59-4FDA-9AD1-6710CE9079E5}.Release|Any CPU.Build.0 = Release|Any CPU
	EndGlobalSection
	GlobalSection(SolutionProperties) = preSolution
		HideSolutionNode = FALSE
	EndGlobalSection
	GlobalSection(ExtensibilityGlobals) = postSolution
		SolutionGuid = {FB59C5FC-1FC8-4235-99C9-D29CCF8732D8}
	EndGlobalSection
	GlobalSection(NestedProjects) = preSolution
		{3C30D600-3871-41BD-AF8B-92C479A09FEC} = {C2FFD6BB-75B0-422C-B6B8-63B4B38FE987}
		{B651DF45-EF59-4FDA-9AD1-6710CE9079E5} = {C2FFD6BB-75B0-422C-B6B8-63B4B38FE987}
	EndGlobalSection
EndGlobal
